
Microsoft Visual Studio Solution File, Format Version 12.00
# Visual Studio Version 17
VisualStudioVersion = 17.13.35931.197
MinimumVisualStudioVersion = 10.0.40219.1
Project("{FAE04EC0-301F-11D3-BF4B-00C04F79EFBC}") = "BlazorUi", "BlazorUi\BlazorUi.csproj", "{6DACA349-5A87-45C2-AC5F-EB1CEE8C4EA8}"
EndProject
Project("{FAE04EC0-301F-11D3-BF4B-00C04F79EFBC}") = "DemoLibrary", "DemoLibrary\DemoLibrary.csproj", "{BD22FF83-2B9C-459F-BE2A-A73F744398B3}"
EndProject
Project("{FAE04EC0-301F-11D3-BF4B-00C04F79EFBC}") = "DemoApi", "DemoApi\DemoApi.csproj", "{68D9B25D-C07C-4669-B3D2-02D90E6F619A}"
EndProject
Global
	GlobalSection(SolutionConfigurationPlatforms) = preSolution
		Debug|Any CPU = Debug|Any CPU
		Release|Any CPU = Release|Any CPU
	EndGlobalSection
	GlobalSection(ProjectConfigurationPlatforms) = postSolution
		{6DACA349-5A87-45C2-AC5F-EB1CEE8C4EA8}.Debug|Any CPU.ActiveCfg = Debug|Any CPU
		{6DACA349-5A87-45C2-AC5F-EB1CEE8C4EA8}.Debug|Any CPU.Build.0 = Debug|Any CPU
		{6DACA349-5A87-45C2-AC5F-EB1CEE8C4EA8}.Release|Any CPU.ActiveCfg = Release|Any CPU
		{6DACA349-5A87-45C2-AC5F-EB1CEE8C4EA8}.Release|Any CPU.Build.0 = Release|Any CPU
		{BD22FF83-2B9C-459F-BE2A-A73F744398B3}.Debug|Any CPU.ActiveCfg = Debug|Any CPU
		{BD22FF83-2B9C-459F-BE2A-A73F744398B3}.Debug|Any CPU.Build.0 = Debug|Any CPU
		{BD22FF83-2B9C-459F-BE2A-A73F744398B3}.Release|Any CPU.ActiveCfg = Release|Any CPU
		{BD22FF83-2B9C-459F-BE2A-A73F744398B3}.Release|Any CPU.Build.0 = Release|Any CPU
		{68D9B25D-C07C-4669-B3D2-02D90E6F619A}.Debug|Any CPU.ActiveCfg = Debug|Any CPU
		{68D9B25D-C07C-4669-B3D2-02D90E6F619A}.Debug|Any CPU.Build.0 = Debug|Any CPU
		{68D9B25D-C07C-4669-B3D2-02D90E6F619A}.Release|Any CPU.ActiveCfg = Release|Any CPU
		{68D9B25D-C07C-4669-B3D2-02D90E6F619A}.Release|Any CPU.Build.0 = Release|Any CPU
	EndGlobalSection
	GlobalSection(SolutionProperties) = preSolution
		HideSolutionNode = FALSE
	EndGlobalSection
	GlobalSection(ExtensibilityGlobals) = postSolution
		SolutionGuid = {F4A37389-A1FD-43D2-93CE-75136DC527D1}
	EndGlobalSection
EndGlobal
